// !$*UTF8*$!
{
	archiveVersion = 1;
	classes = {
	};
	objectVersion = 56;
	objects = {

/* Begin PBXBuildFile section */
		FA8C4BBD2C087F8E00B5B90E /* AppDelegate.swift in Sources */ = {isa = PBXBuildFile; fileRef = FA8C4BBC2C087F8E00B5B90E /* AppDelegate.swift */; };
		FA8C4BBF2C087F8E00B5B90E /* SceneDelegate.swift in Sources */ = {isa = PBXBuildFile; fileRef = FA8C4BBE2C087F8E00B5B90E /* SceneDelegate.swift */; };
		FA8C4BC12C087F8E00B5B90E /* MainViewController.swift in Sources */ = {isa = PBXBuildFile; fileRef = FA8C4BC02C087F8E00B5B90E /* MainViewController.swift */; };
		FA8C4BC62C087F9000B5B90E /* Assets.xcassets in Resources */ = {isa = PBXBuildFile; fileRef = FA8C4BC52C087F9000B5B90E /* Assets.xcassets */; };
		FA8C4BC92C087F9000B5B90E /* LaunchScreen.storyboard in Resources */ = {isa = PBXBuildFile; fileRef = FA8C4BC72C087F9000B5B90E /* LaunchScreen.storyboard */; };
		FA8C4BD22C08805B00B5B90E /* ArtistItem.swift in Sources */ = {isa = PBXBuildFile; fileRef = FA8C4BD12C08805B00B5B90E /* ArtistItem.swift */; };
		FA8C4BD52C0880AF00B5B90E /* NetworkService.swift in Sources */ = {isa = PBXBuildFile; fileRef = FA8C4BD42C0880AF00B5B90E /* NetworkService.swift */; };
		FA8C4BDA2C089EF500B5B90E /* ArtistDetailViewController.swift in Sources */ = {isa = PBXBuildFile; fileRef = FA8C4BD92C089EF500B5B90E /* ArtistDetailViewController.swift */; };
		FA8C4BDE2C08A67500B5B90E /* WorkCell.swift in Sources */ = {isa = PBXBuildFile; fileRef = FA8C4BDD2C08A67500B5B90E /* WorkCell.swift */; };
		FA8C4BFA2C08FB3500B5B90E /* WorkDetailViewController.swift in Sources */ = {isa = PBXBuildFile; fileRef = FA8C4BF92C08FB3500B5B90E /* WorkDetailViewController.swift */; };
/* End PBXBuildFile section */

/* Begin PBXFileReference section */
		FA8C4BB92C087F8E00B5B90E /* ArtApp.app */ = {isa = PBXFileReference; explicitFileType = wrapper.application; includeInIndex = 0; path = ArtApp.app; sourceTree = BUILT_PRODUCTS_DIR; };
		FA8C4BBC2C087F8E00B5B90E /* AppDelegate.swift */ = {isa = PBXFileReference; lastKnownFileType = sourcecode.swift; path = AppDelegate.swift; sourceTree = "<group>"; };
		FA8C4BBE2C087F8E00B5B90E /* SceneDelegate.swift */ = {isa = PBXFileReference; lastKnownFileType = sourcecode.swift; path = SceneDelegate.swift; sourceTree = "<group>"; };
		FA8C4BC02C087F8E00B5B90E /* MainViewController.swift */ = {isa = PBXFileReference; lastKnownFileType = sourcecode.swift; path = MainViewController.swift; sourceTree = "<group>"; };
		FA8C4BC52C087F9000B5B90E /* Assets.xcassets */ = {isa = PBXFileReference; lastKnownFileType = folder.assetcatalog; path = Assets.xcassets; sourceTree = "<group>"; };
		FA8C4BC82C087F9000B5B90E /* Base */ = {isa = PBXFileReference; lastKnownFileType = file.storyboard; name = Base; path = Base.lproj/LaunchScreen.storyboard; sourceTree = "<group>"; };
		FA8C4BCA2C087F9000B5B90E /* Info.plist */ = {isa = PBXFileReference; lastKnownFileType = text.plist.xml; path = Info.plist; sourceTree = "<group>"; };
		FA8C4BD12C08805B00B5B90E /* ArtistItem.swift */ = {isa = PBXFileReference; lastKnownFileType = sourcecode.swift; path = ArtistItem.swift; sourceTree = "<group>"; };
		FA8C4BD42C0880AF00B5B90E /* NetworkService.swift */ = {isa = PBXFileReference; lastKnownFileType = sourcecode.swift; path = NetworkService.swift; sourceTree = "<group>"; };
		FA8C4BD92C089EF500B5B90E /* ArtistDetailViewController.swift */ = {isa = PBXFileReference; lastKnownFileType = sourcecode.swift; path = ArtistDetailViewController.swift; sourceTree = "<group>"; };
		FA8C4BDD2C08A67500B5B90E /* WorkCell.swift */ = {isa = PBXFileReference; lastKnownFileType = sourcecode.swift; path = WorkCell.swift; sourceTree = "<group>"; };
		FA8C4BF92C08FB3500B5B90E /* WorkDetailViewController.swift */ = {isa = PBXFileReference; lastKnownFileType = sourcecode.swift; path = WorkDetailViewController.swift; sourceTree = "<group>"; };
/* End PBXFileReference section */

/* Begin PBXFrameworksBuildPhase section */
		FA8C4BB62C087F8E00B5B90E /* Frameworks */ = {
			isa = PBXFrameworksBuildPhase;
			buildActionMask = 2147483647;
			files = (
			);
			runOnlyForDeploymentPostprocessing = 0;
		};
/* End PBXFrameworksBuildPhase section */

/* Begin PBXGroup section */
		FA8C4BB02C087F8E00B5B90E = {
			isa = PBXGroup;
			children = (
				FA8C4BBB2C087F8E00B5B90E /* ArtApp */,
				FA8C4BBA2C087F8E00B5B90E /* Products */,
			);
			sourceTree = "<group>";
		};
		FA8C4BBA2C087F8E00B5B90E /* Products */ = {
			isa = PBXGroup;
			children = (
				FA8C4BB92C087F8E00B5B90E /* ArtApp.app */,
			);
			name = Products;
			sourceTree = "<group>";
		};
		FA8C4BBB2C087F8E00B5B90E /* ArtApp */ = {
			isa = PBXGroup;
			children = (
				FA8C4BD62C0884A300B5B90E /* App */,
				FA8C4BD72C0884B800B5B90E /* ViewControllers */,
				FA8C4BDC2C08A63E00B5B90E /* Cells */,
				FA8C4BD32C08809F00B5B90E /* Services */,
				FA8C4BD02C08804F00B5B90E /* Model */,
				FA8C4BD82C0884C300B5B90E /* Resources */,
				FA8C4BC72C087F9000B5B90E /* LaunchScreen.storyboard */,
			);
			path = ArtApp;
			sourceTree = "<group>";
		};
		FA8C4BD02C08804F00B5B90E /* Model */ = {
			isa = PBXGroup;
			children = (
				FA8C4BD12C08805B00B5B90E /* ArtistItem.swift */,
			);
			path = Model;
			sourceTree = "<group>";
		};
		FA8C4BD32C08809F00B5B90E /* Services */ = {
			isa = PBXGroup;
			children = (
				FA8C4BD42C0880AF00B5B90E /* NetworkService.swift */,
			);
			path = Services;
			sourceTree = "<group>";
		};
		FA8C4BD62C0884A300B5B90E /* App */ = {
			isa = PBXGroup;
			children = (
				FA8C4BBC2C087F8E00B5B90E /* AppDelegate.swift */,
				FA8C4BBE2C087F8E00B5B90E /* SceneDelegate.swift */,
			);
			path = App;
			sourceTree = "<group>";
		};
		FA8C4BD72C0884B800B5B90E /* ViewControllers */ = {
			isa = PBXGroup;
			children = (
				FA8C4BC02C087F8E00B5B90E /* MainViewController.swift */,
				FA8C4BD92C089EF500B5B90E /* ArtistDetailViewController.swift */,
				FA8C4BF92C08FB3500B5B90E /* WorkDetailViewController.swift */,
			);
			path = ViewControllers;
			sourceTree = "<group>";
		};
		FA8C4BD82C0884C300B5B90E /* Resources */ = {
			isa = PBXGroup;
			children = (
				FA8C4BC52C087F9000B5B90E /* Assets.xcassets */,
				FA8C4BCA2C087F9000B5B90E /* Info.plist */,
			);
			path = Resources;
			sourceTree = "<group>";
		};
		FA8C4BDC2C08A63E00B5B90E /* Cells */ = {
			isa = PBXGroup;
			children = (
				FA8C4BDD2C08A67500B5B90E /* WorkCell.swift */,
			);
			path = Cells;
			sourceTree = "<group>";
		};
/* End PBXGroup section */

/* Begin PBXNativeTarget section */
		FA8C4BB82C087F8E00B5B90E /* ArtApp */ = {
			isa = PBXNativeTarget;
			buildConfigurationList = FA8C4BCD2C087F9000B5B90E /* Build configuration list for PBXNativeTarget "ArtApp" */;
			buildPhases = (
				FA8C4BB52C087F8E00B5B90E /* Sources */,
				FA8C4BB62C087F8E00B5B90E /* Frameworks */,
				FA8C4BB72C087F8E00B5B90E /* Resources */,
			);
			buildRules = (
			);
			dependencies = (
			);
			name = ArtApp;
			productName = ArtApp;
			productReference = FA8C4BB92C087F8E00B5B90E /* ArtApp.app */;
			productType = "com.apple.product-type.application";
		};
/* End PBXNativeTarget section */

/* Begin PBXProject section */
		FA8C4BB12C087F8E00B5B90E /* Project object */ = {
			isa = PBXProject;
			attributes = {
				BuildIndependentTargetsInParallel = 1;
				LastSwiftUpdateCheck = 1510;
				LastUpgradeCheck = 1510;
				TargetAttributes = {
					FA8C4BB82C087F8E00B5B90E = {
						CreatedOnToolsVersion = 15.1;
					};
				};
			};
			buildConfigurationList = FA8C4BB42C087F8E00B5B90E /* Build configuration list for PBXProject "ArtApp" */;
			compatibilityVersion = "Xcode 14.0";
			developmentRegion = en;
			hasScannedForEncodings = 0;
			knownRegions = (
				en,
				Base,
			);
			mainGroup = FA8C4BB02C087F8E00B5B90E;
			productRefGroup = FA8C4BBA2C087F8E00B5B90E /* Products */;
			projectDirPath = "";
			projectRoot = "";
			targets = (
				FA8C4BB82C087F8E00B5B90E /* ArtApp */,
			);
		};
/* End PBXProject section */

/* Begin PBXResourcesBuildPhase section */
		FA8C4BB72C087F8E00B5B90E /* Resources */ = {
			isa = PBXResourcesBuildPhase;
			buildActionMask = 2147483647;
			files = (
				FA8C4BC92C087F9000B5B90E /* LaunchScreen.storyboard in Resources */,
				FA8C4BC62C087F9000B5B90E /* Assets.xcassets in Resources */,
			);
			runOnlyForDeploymentPostprocessing = 0;
		};
/* End PBXResourcesBuildPhase section */

/* Begin PBXSourcesBuildPhase section */
		FA8C4BB52C087F8E00B5B90E /* Sources */ = {
			isa = PBXSourcesBuildPhase;
			buildActionMask = 2147483647;
			files = (
				FA8C4BD52C0880AF00B5B90E /* NetworkService.swift in Sources */,
				FA8C4BDE2C08A67500B5B90E /* WorkCell.swift in Sources */,
				FA8C4BC12C087F8E00B5B90E /* MainViewController.swift in Sources */,
				FA8C4BD22C08805B00B5B90E /* ArtistItem.swift in Sources */,
				FA8C4BBD2C087F8E00B5B90E /* AppDelegate.swift in Sources */,
				FA8C4BDA2C089EF500B5B90E /* ArtistDetailViewController.swift in Sources */,
				FA8C4BFA2C08FB3500B5B90E /* WorkDetailViewController.swift in Sources */,
				FA8C4BBF2C087F8E00B5B90E /* SceneDelegate.swift in Sources */,
			);
			runOnlyForDeploymentPostprocessing = 0;
		};
/* End PBXSourcesBuildPhase section */

/* Begin PBXVariantGroup section */
		FA8C4BC72C087F9000B5B90E /* LaunchScreen.storyboard */ = {
			isa = PBXVariantGroup;
			children = (
				FA8C4BC82C087F9000B5B90E /* Base */,
			);
			name = LaunchScreen.storyboard;
			sourceTree = "<group>";
		};
/* End PBXVariantGroup section */

/* Begin XCBuildConfiguration section */
		FA8C4BCB2C087F9000B5B90E /* Debug */ = {
			isa = XCBuildConfiguration;
			buildSettings = {
				ALWAYS_SEARCH_USER_PATHS = NO;
				ASSETCATALOG_COMPILER_GENERATE_SWIFT_ASSET_SYMBOL_EXTENSIONS = YES;
				CLANG_ANALYZER_NONNULL = YES;
				CLANG_ANALYZER_NUMBER_OBJECT_CONVERSION = YES_AGGRESSIVE;
				CLANG_CXX_LANGUAGE_STANDARD = "gnu++20";
				CLANG_ENABLE_MODULES = YES;
				CLANG_ENABLE_OBJC_ARC = YES;
				CLANG_ENABLE_OBJC_WEAK = YES;
				CLANG_WARN_BLOCK_CAPTURE_AUTORELEASING = YES;
				CLANG_WARN_BOOL_CONVERSION = YES;
				CLANG_WARN_COMMA = YES;
				CLANG_WARN_CONSTANT_CONVERSION = YES;
				CLANG_WARN_DEPRECATED_OBJC_IMPLEMENTATIONS = YES;
				CLANG_WARN_DIRECT_OBJC_ISA_USAGE = YES_ERROR;
				CLANG_WARN_DOCUMENTATION_COMMENTS = YES;
				CLANG_WARN_EMPTY_BODY = YES;
				CLANG_WARN_ENUM_CONVERSION = YES;
				CLANG_WARN_INFINITE_RECURSION = YES;
				CLANG_WARN_INT_CONVERSION = YES;
				CLANG_WARN_NON_LITERAL_NULL_CONVERSION = YES;
				CLANG_WARN_OBJC_IMPLICIT_RETAIN_SELF = YES;
				CLANG_WARN_OBJC_LITERAL_CONVERSION = YES;
				CLANG_WARN_OBJC_ROOT_CLASS = YES_ERROR;
				CLANG_WARN_QUOTED_INCLUDE_IN_FRAMEWORK_HEADER = YES;
				CLANG_WARN_RANGE_LOOP_ANALYSIS = YES;
				CLANG_WARN_STRICT_PROTOTYPES = YES;
				CLANG_WARN_SUSPICIOUS_MOVE = YES;
				CLANG_WARN_UNGUARDED_AVAILABILITY = YES_AGGRESSIVE;
				CLANG_WARN_UNREACHABLE_CODE = YES;
				CLANG_WARN__DUPLICATE_METHOD_MATCH = YES;
				COPY_PHASE_STRIP = NO;
				DEBUG_INFORMATION_FORMAT = dwarf;
				ENABLE_STRICT_OBJC_MSGSEND = YES;
				ENABLE_TESTABILITY = YES;
				ENABLE_USER_SCRIPT_SANDBOXING = YES;
				GCC_C_LANGUAGE_STANDARD = gnu17;
				GCC_DYNAMIC_NO_PIC = NO;
				GCC_NO_COMMON_BLOCKS = YES;
				GCC_OPTIMIZATION_LEVEL = 0;
				GCC_PREPROCESSOR_DEFINITIONS = (
					"DEBUG=1",
					"$(inherited)",
				);
				GCC_WARN_64_TO_32_BIT_CONVERSION = YES;
				GCC_WARN_ABOUT_RETURN_TYPE = YES_ERROR;
				GCC_WARN_UNDECLARED_SELECTOR = YES;
				GCC_WARN_UNINITIALIZED_AUTOS = YES_AGGRESSIVE;
				GCC_WARN_UNUSED_FUNCTION = YES;
				GCC_WARN_UNUSED_VARIABLE = YES;
				IPHONEOS_DEPLOYMENT_TARGET = 17.2;
				LOCALIZATION_PREFERS_STRING_CATALOGS = YES;
				MTL_ENABLE_DEBUG_INFO = INCLUDE_SOURCE;
				MTL_FAST_MATH = YES;
				ONLY_ACTIVE_ARCH = YES;
				SDKROOT = iphoneos;
				SWIFT_ACTIVE_COMPILATION_CONDITIONS = "DEBUG $(inherited)";
				SWIFT_OPTIMIZATION_LEVEL = "-Onone";
			};
			name = Debug;
		};
		FA8C4BCC2C087F9000B5B90E /* Release */ = {
			isa = XCBuildConfiguration;
			buildSettings = {
				ALWAYS_SEARCH_USER_PATHS = NO;
				ASSETCATALOG_COMPILER_GENERATE_SWIFT_ASSET_SYMBOL_EXTENSIONS = YES;
				CLANG_ANALYZER_NONNULL = YES;
				CLANG_ANALYZER_NUMBER_OBJECT_CONVERSION = YES_AGGRESSIVE;
				CLANG_CXX_LANGUAGE_STANDARD = "gnu++20";
				CLANG_ENABLE_MODULES = YES;
				CLANG_ENABLE_OBJC_ARC = YES;
				CLANG_ENABLE_OBJC_WEAK = YES;
				CLANG_WARN_BLOCK_CAPTURE_AUTORELEASING = YES;
				CLANG_WARN_BOOL_CONVERSION = YES;
				CLANG_WARN_COMMA = YES;
				CLANG_WARN_CONSTANT_CONVERSION = YES;
				CLANG_WARN_DEPRECATED_OBJC_IMPLEMENTATIONS = YES;
				CLANG_WARN_DIRECT_OBJC_ISA_USAGE = YES_ERROR;
				CLANG_WARN_DOCUMENTATION_COMMENTS = YES;
				CLANG_WARN_EMPTY_BODY = YES;
				CLANG_WARN_ENUM_CONVERSION = YES;
				CLANG_WARN_INFINITE_RECURSION = YES;
				CLANG_WARN_INT_CONVERSION = YES;
				CLANG_WARN_NON_LITERAL_NULL_CONVERSION = YES;
				CLANG_WARN_OBJC_IMPLICIT_RETAIN_SELF = YES;
				CLANG_WARN_OBJC_LITERAL_CONVERSION = YES;
				CLANG_WARN_OBJC_ROOT_CLASS = YES_ERROR;
				CLANG_WARN_QUOTED_INCLUDE_IN_FRAMEWORK_HEADER = YES;
				CLANG_WARN_RANGE_LOOP_ANALYSIS = YES;
				CLANG_WARN_STRICT_PROTOTYPES = YES;
				CLANG_WARN_SUSPICIOUS_MOVE = YES;
				CLANG_WARN_UNGUARDED_AVAILABILITY = YES_AGGRESSIVE;
				CLANG_WARN_UNREACHABLE_CODE = YES;
				CLANG_WARN__DUPLICATE_METHOD_MATCH = YES;
				COPY_PHASE_STRIP = NO;
				DEBUG_INFORMATION_FORMAT = "dwarf-with-dsym";
				ENABLE_NS_ASSERTIONS = NO;
				ENABLE_STRICT_OBJC_MSGSEND = YES;
				ENABLE_USER_SCRIPT_SANDBOXING = YES;
				GCC_C_LANGUAGE_STANDARD = gnu17;
				GCC_NO_COMMON_BLOCKS = YES;
				GCC_WARN_64_TO_32_BIT_CONVERSION = YES;
				GCC_WARN_ABOUT_RETURN_TYPE = YES_ERROR;
				GCC_WARN_UNDECLARED_SELECTOR = YES;
				GCC_WARN_UNINITIALIZED_AUTOS = YES_AGGRESSIVE;
				GCC_WARN_UNUSED_FUNCTION = YES;
				GCC_WARN_UNUSED_VARIABLE = YES;
				IPHONEOS_DEPLOYMENT_TARGET = 17.2;
				LOCALIZATION_PREFERS_STRING_CATALOGS = YES;
				MTL_ENABLE_DEBUG_INFO = NO;
				MTL_FAST_MATH = YES;
				SDKROOT = iphoneos;
				SWIFT_COMPILATION_MODE = wholemodule;
				VALIDATE_PRODUCT = YES;
			};
			name = Release;
		};
		FA8C4BCE2C087F9000B5B90E /* Debug */ = {
			isa = XCBuildConfiguration;
			buildSettings = {
				ASSETCATALOG_COMPILER_APPICON_NAME = AppIcon;
				ASSETCATALOG_COMPILER_GLOBAL_ACCENT_COLOR_NAME = AccentColor;
				CODE_SIGN_STYLE = Automatic;
				CURRENT_PROJECT_VERSION = 1;
				DEVELOPMENT_TEAM = L23B96GPNM;
				GENERATE_INFOPLIST_FILE = YES;
				INFOPLIST_FILE = ArtApp/Resources/Info.plist;
				INFOPLIST_KEY_UIApplicationSupportsIndirectInputEvents = YES;
				INFOPLIST_KEY_UILaunchStoryboardName = LaunchScreen;
				INFOPLIST_KEY_UISupportedInterfaceOrientations = UIInterfaceOrientationPortrait;
				INFOPLIST_KEY_UISupportedInterfaceOrientations_iPad = "UIInterfaceOrientationLandscapeLeft UIInterfaceOrientationLandscapeRight UIInterfaceOrientationPortrait UIInterfaceOrientationPortraitUpsideDown";
				LD_RUNPATH_SEARCH_PATHS = (
					"$(inherited)",
					"@executable_path/Frameworks",
				);
				MARKETING_VERSION = 1.0;
				PRODUCT_BUNDLE_IDENTIFIER = ru.alexpetrenko.ArtApp;
				PRODUCT_NAME = "$(TARGET_NAME)";
				SUPPORTED_PLATFORMS = "iphoneos iphonesimulator";
				SUPPORTS_MACCATALYST = NO;
				SUPPORTS_MAC_DESIGNED_FOR_IPHONE_IPAD = NO;
				SWIFT_EMIT_LOC_STRINGS = YES;
				SWIFT_VERSION = 5.0;
				TARGETED_DEVICE_FAMILY = 1;
			};
			name = Debug;
		};
		FA8C4BCF2C087F9000B5B90E /* Release */ = {
			isa = XCBuildConfiguration;
			buildSettings = {
				ASSETCATALOG_COMPILER_APPICON_NAME = AppIcon;
				ASSETCATALOG_COMPILER_GLOBAL_ACCENT_COLOR_NAME = AccentColor;
				CODE_SIGN_STYLE = Automatic;
				CURRENT_PROJECT_VERSION = 1;
				DEVELOPMENT_TEAM = L23B96GPNM;
				GENERATE_INFOPLIST_FILE = YES;
				INFOPLIST_FILE = ArtApp/Resources/Info.plist;
				INFOPLIST_KEY_UIApplicationSupportsIndirectInputEvents = YES;
				INFOPLIST_KEY_UILaunchStoryboardName = LaunchScreen;
				INFOPLIST_KEY_UISupportedInterfaceOrientations = UIInterfaceOrientationPortrait;
				INFOPLIST_KEY_UISupportedInterfaceOrientations_iPad = "UIInterfaceOrientationLandscapeLeft UIInterfaceOrientationLandscapeRight UIInterfaceOrientationPortrait UIInterfaceOrientationPortraitUpsideDown";
				LD_RUNPATH_SEARCH_PATHS = (
					"$(inherited)",
					"@executable_path/Frameworks",
				);
				MARKETING_VERSION = 1.0;
				PRODUCT_BUNDLE_IDENTIFIER = ru.alexpetrenko.ArtApp;
				PRODUCT_NAME = "$(TARGET_NAME)";
				SUPPORTED_PLATFORMS = "iphoneos iphonesimulator";
				SUPPORTS_MACCATALYST = NO;
				SUPPORTS_MAC_DESIGNED_FOR_IPHONE_IPAD = NO;
				SWIFT_EMIT_LOC_STRINGS = YES;
				SWIFT_VERSION = 5.0;
				TARGETED_DEVICE_FAMILY = 1;
			};
			name = Release;
		};
/* End XCBuildConfiguration section */

/* Begin XCConfigurationList section */
		FA8C4BB42C087F8E00B5B90E /* Build configuration list for PBXProject "ArtApp" */ = {
			isa = XCConfigurationList;
			buildConfigurations = (
				FA8C4BCB2C087F9000B5B90E /* Debug */,
				FA8C4BCC2C087F9000B5B90E /* Release */,
			);
			defaultConfigurationIsVisible = 0;
			defaultConfigurationName = Release;
		};
		FA8C4BCD2C087F9000B5B90E /* Build configuration list for PBXNativeTarget "ArtApp" */ = {
			isa = XCConfigurationList;
			buildConfigurations = (
				FA8C4BCE2C087F9000B5B90E /* Debug */,
				FA8C4BCF2C087F9000B5B90E /* Release */,
			);
			defaultConfigurationIsVisible = 0;
			defaultConfigurationName = Release;
		};
/* End XCConfigurationList section */
	};
	rootObject = FA8C4BB12C087F8E00B5B90E /* Project object */;
}
